
Microsoft Visual Studio Solution File, Format Version 12.00
# Visual Studio 15
VisualStudioVersion = 15.0.27130.2036
MinimumVisualStudioVersion = 10.0.40219.1
Project("{FAE04EC0-301F-11D3-BF4B-00C04F79EFBC}") = "SuperStopNBuy", "SuperStopNBuy\SuperStopNBuy.csproj", "{52C99C87-1090-499C-A365-CC4A06437CA8}"
EndProject
Global
	GlobalSection(SolutionConfigurationPlatforms) = preSolution
		Debug|Any CPU = Debug|Any CPU
		Release|Any CPU = Release|Any CPU
	EndGlobalSection
	GlobalSection(ProjectConfigurationPlatforms) = postSolution
		{52C99C87-1090-499C-A365-CC4A06437CA8}.Debug|Any CPU.ActiveCfg = Debug|Any CPU
		{52C99C87-1090-499C-A365-CC4A06437CA8}.Debug|Any CPU.Build.0 = Debug|Any CPU
		{52C99C87-1090-499C-A365-CC4A06437CA8}.Release|Any CPU.ActiveCfg = Release|Any CPU
		{52C99C87-1090-499C-A365-CC4A06437CA8}.Release|Any CPU.Build.0 = Release|Any CPU
	EndGlobalSection
	GlobalSection(SolutionProperties) = preSolution
		HideSolutionNode = FALSE
	EndGlobalSection
	GlobalSection(ExtensibilityGlobals) = postSolution
		SolutionGuid = {B0B6C059-ECB6-43B0-8A44-75DD9023344B}
	EndGlobalSection
EndGlobal
